
Microsoft Visual Studio Solution File, Format Version 12.00
# Visual Studio Version 16
VisualStudioVersion = 16.0.31911.196
MinimumVisualStudioVersion = 10.0.40219.1
Project("{FAE04EC0-301F-11D3-BF4B-00C04F79EFBC}") = "RGExtendedSave", "src\RGExtendedSave.csproj", "{C2426C56-5E6F-444A-94F8-F3626CED5E9E}"
EndProject
Global
	GlobalSection(SolutionConfigurationPlatforms) = preSolution
		Debug|Any CPU = Debug|Any CPU
		Release|Any CPU = Release|Any CPU
	EndGlobalSection
	GlobalSection(ProjectConfigurationPlatforms) = postSolution
		{C2426C56-5E6F-444A-94F8-F3626CED5E9E}.Debug|Any CPU.ActiveCfg = Debug|Any CPU
		{C2426C56-5E6F-444A-94F8-F3626CED5E9E}.Debug|Any CPU.Build.0 = Debug|Any CPU
		{C2426C56-5E6F-444A-94F8-F3626CED5E9E}.Release|Any CPU.ActiveCfg = Release|Any CPU
		{C2426C56-5E6F-444A-94F8-F3626CED5E9E}.Release|Any CPU.Build.0 = Release|Any CPU
	EndGlobalSection
	GlobalSection(SolutionProperties) = preSolution
		HideSolutionNode = FALSE
	EndGlobalSection
	GlobalSection(ExtensibilityGlobals) = postSolution
		SolutionGuid = {e1131c2c-1534-447a-9ae8-f611b3c7f278}
	EndGlobalSection
EndGlobal
